// !$*UTF8*$!
{
	archiveVersion = 1;
	classes = {
	};
	objectVersion = 46;
	objects = {

/* Begin PBXBuildFile section */
		286710F786EF5A8A02A07A76 /* Pods_ReactiveStackView.framework in Frameworks */ = {isa = PBXBuildFile; fileRef = 676B22ACBC9A906017E44A0F /* Pods_ReactiveStackView.framework */; };
		3C7857081C6B86780007EC92 /* ReactiveKit+extensions.swift in Sources */ = {isa = PBXBuildFile; fileRef = 3C7857071C6B86780007EC92 /* ReactiveKit+extensions.swift */; };
		3C78570B1C6B86970007EC92 /* UIColor+extensions.swift in Sources */ = {isa = PBXBuildFile; fileRef = 3C78570A1C6B86970007EC92 /* UIColor+extensions.swift */; };
		3C8E557B1C69226600A6526C /* AppDelegate.swift in Sources */ = {isa = PBXBuildFile; fileRef = 3C8E557A1C69226600A6526C /* AppDelegate.swift */; };
		3C8E557D1C69226600A6526C /* ViewController.swift in Sources */ = {isa = PBXBuildFile; fileRef = 3C8E557C1C69226600A6526C /* ViewController.swift */; };
		3C8E55801C69226600A6526C /* Main.storyboard in Resources */ = {isa = PBXBuildFile; fileRef = 3C8E557E1C69226600A6526C /* Main.storyboard */; };
		3C8E55821C69226600A6526C /* Assets.xcassets in Resources */ = {isa = PBXBuildFile; fileRef = 3C8E55811C69226600A6526C /* Assets.xcassets */; };
		3C8E55851C69226600A6526C /* LaunchScreen.storyboard in Resources */ = {isa = PBXBuildFile; fileRef = 3C8E55831C69226600A6526C /* LaunchScreen.storyboard */; };
		3C8E558E1C692BF200A6526C /* ViewModel.swift in Sources */ = {isa = PBXBuildFile; fileRef = 3C8E558D1C692BF200A6526C /* ViewModel.swift */; };
		3C8E55941C692E3C00A6526C /* ReactiveInputStackItem.xib in Resources */ = {isa = PBXBuildFile; fileRef = 3C8E55931C692E3C00A6526C /* ReactiveInputStackItem.xib */; };
		3C8E55961C6936AF00A6526C /* ReactiveColorStackItem.xib in Resources */ = {isa = PBXBuildFile; fileRef = 3C8E55951C6936AF00A6526C /* ReactiveColorStackItem.xib */; };
/* End PBXBuildFile section */

/* Begin PBXFileReference section */
		2DC1CB78B9053A3232CD81AC /* Pods-ReactiveStackView.release.xcconfig */ = {isa = PBXFileReference; includeInIndex = 1; lastKnownFileType = text.xcconfig; name = "Pods-ReactiveStackView.release.xcconfig"; path = "Pods/Target Support Files/Pods-ReactiveStackView/Pods-ReactiveStackView.release.xcconfig"; sourceTree = "<group>"; };
		3C7857071C6B86780007EC92 /* ReactiveKit+extensions.swift */ = {isa = PBXFileReference; fileEncoding = 4; lastKnownFileType = sourcecode.swift; path = "ReactiveKit+extensions.swift"; sourceTree = "<group>"; };
		3C78570A1C6B86970007EC92 /* UIColor+extensions.swift */ = {isa = PBXFileReference; fileEncoding = 4; lastKnownFileType = sourcecode.swift; path = "UIColor+extensions.swift"; sourceTree = "<group>"; };
		3C8E55771C69226600A6526C /* ReactiveStackView.app */ = {isa = PBXFileReference; explicitFileType = wrapper.application; includeInIndex = 0; path = ReactiveStackView.app; sourceTree = BUILT_PRODUCTS_DIR; };
		3C8E557A1C69226600A6526C /* AppDelegate.swift */ = {isa = PBXFileReference; lastKnownFileType = sourcecode.swift; path = AppDelegate.swift; sourceTree = "<group>"; };
		3C8E557C1C69226600A6526C /* ViewController.swift */ = {isa = PBXFileReference; lastKnownFileType = sourcecode.swift; path = ViewController.swift; sourceTree = "<group>"; };
		3C8E557F1C69226600A6526C /* Base */ = {isa = PBXFileReference; lastKnownFileType = file.storyboard; name = Base; path = Base.lproj/Main.storyboard; sourceTree = "<group>"; };
		3C8E55811C69226600A6526C /* Assets.xcassets */ = {isa = PBXFileReference; lastKnownFileType = folder.assetcatalog; path = Assets.xcassets; sourceTree = "<group>"; };
		3C8E55841C69226600A6526C /* Base */ = {isa = PBXFileReference; lastKnownFileType = file.storyboard; name = Base; path = Base.lproj/LaunchScreen.storyboard; sourceTree = "<group>"; };
		3C8E55861C69226600A6526C /* Info.plist */ = {isa = PBXFileReference; lastKnownFileType = text.plist.xml; path = Info.plist; sourceTree = "<group>"; };
		3C8E558D1C692BF200A6526C /* ViewModel.swift */ = {isa = PBXFileReference; fileEncoding = 4; lastKnownFileType = sourcecode.swift; path = ViewModel.swift; sourceTree = "<group>"; };
		3C8E55931C692E3C00A6526C /* ReactiveInputStackItem.xib */ = {isa = PBXFileReference; fileEncoding = 4; lastKnownFileType = file.xib; path = ReactiveInputStackItem.xib; sourceTree = "<group>"; };
		3C8E55951C6936AF00A6526C /* ReactiveColorStackItem.xib */ = {isa = PBXFileReference; fileEncoding = 4; lastKnownFileType = file.xib; path = ReactiveColorStackItem.xib; sourceTree = "<group>"; };
		676B22ACBC9A906017E44A0F /* Pods_ReactiveStackView.framework */ = {isa = PBXFileReference; explicitFileType = wrapper.framework; includeInIndex = 0; path = Pods_ReactiveStackView.framework; sourceTree = BUILT_PRODUCTS_DIR; };
		B17F36490436DD09B8B80F62 /* Pods-ReactiveStackView.debug.xcconfig */ = {isa = PBXFileReference; includeInIndex = 1; lastKnownFileType = text.xcconfig; name = "Pods-ReactiveStackView.debug.xcconfig"; path = "Pods/Target Support Files/Pods-ReactiveStackView/Pods-ReactiveStackView.debug.xcconfig"; sourceTree = "<group>"; };
		D38ACF473EB878C01C3C5022 /* Pods.framework */ = {isa = PBXFileReference; explicitFileType = wrapper.framework; includeInIndex = 0; path = Pods.framework; sourceTree = BUILT_PRODUCTS_DIR; };
/* End PBXFileReference section */

/* Begin PBXFrameworksBuildPhase section */
		3C8E55741C69226600A6526C /* Frameworks */ = {
			isa = PBXFrameworksBuildPhase;
			buildActionMask = 2147483647;
			files = (
				286710F786EF5A8A02A07A76 /* Pods_ReactiveStackView.framework in Frameworks */,
			);
			runOnlyForDeploymentPostprocessing = 0;
		};
/* End PBXFrameworksBuildPhase section */

/* Begin PBXGroup section */
		3C7857091C6B867B0007EC92 /* Extensions */ = {
			isa = PBXGroup;
			children = (
				3C7857071C6B86780007EC92 /* ReactiveKit+extensions.swift */,
				3C78570A1C6B86970007EC92 /* UIColor+extensions.swift */,
			);
			name = Extensions;
			sourceTree = "<group>";
		};
		3C8E556E1C69226600A6526C = {
			isa = PBXGroup;
			children = (
				3C8E55791C69226600A6526C /* ReactiveStackView */,
				3C8E55781C69226600A6526C /* Products */,
				ABB0BF8D840041D6F7BA32BF /* Frameworks */,
				F62E1CF6A12C2DA00D748CA3 /* Pods */,
			);
			sourceTree = "<group>";
		};
		3C8E55781C69226600A6526C /* Products */ = {
			isa = PBXGroup;
			children = (
				3C8E55771C69226600A6526C /* ReactiveStackView.app */,
			);
			name = Products;
			sourceTree = "<group>";
		};
		3C8E55791C69226600A6526C /* ReactiveStackView */ = {
			isa = PBXGroup;
			children = (
				3C7857091C6B867B0007EC92 /* Extensions */,
				3C8E55921C692E0300A6526C /* _ */,
				3C8E55911C692DFA00A6526C /* Resources */,
				3C8E558C1C692BB200A6526C /* View */,
			);
			path = ReactiveStackView;
			sourceTree = "<group>";
		};
		3C8E558C1C692BB200A6526C /* View */ = {
			isa = PBXGroup;
			children = (
				3C8E557C1C69226600A6526C /* ViewController.swift */,
				3C8E558D1C692BF200A6526C /* ViewModel.swift */,
			);
			name = View;
			sourceTree = "<group>";
		};
		3C8E55911C692DFA00A6526C /* Resources */ = {
			isa = PBXGroup;
			children = (
				3C8E557E1C69226600A6526C /* Main.storyboard */,
				3C8E55931C692E3C00A6526C /* ReactiveInputStackItem.xib */,
				3C8E55951C6936AF00A6526C /* ReactiveColorStackItem.xib */,
			);
			name = Resources;
			sourceTree = "<group>";
		};
		3C8E55921C692E0300A6526C /* _ */ = {
			isa = PBXGroup;
			children = (
				3C8E55831C69226600A6526C /* LaunchScreen.storyboard */,
				3C8E55811C69226600A6526C /* Assets.xcassets */,
				3C8E557A1C69226600A6526C /* AppDelegate.swift */,
				3C8E55861C69226600A6526C /* Info.plist */,
			);
			name = _;
			sourceTree = "<group>";
		};
		ABB0BF8D840041D6F7BA32BF /* Frameworks */ = {
			isa = PBXGroup;
			children = (
				D38ACF473EB878C01C3C5022 /* Pods.framework */,
				676B22ACBC9A906017E44A0F /* Pods_ReactiveStackView.framework */,
			);
			name = Frameworks;
			sourceTree = "<group>";
		};
		F62E1CF6A12C2DA00D748CA3 /* Pods */ = {
			isa = PBXGroup;
			children = (
				B17F36490436DD09B8B80F62 /* Pods-ReactiveStackView.debug.xcconfig */,
				2DC1CB78B9053A3232CD81AC /* Pods-ReactiveStackView.release.xcconfig */,
			);
			name = Pods;
			sourceTree = "<group>";
		};
/* End PBXGroup section */

/* Begin PBXNativeTarget section */
		3C8E55761C69226600A6526C /* ReactiveStackView */ = {
			isa = PBXNativeTarget;
			buildConfigurationList = 3C8E55891C69226600A6526C /* Build configuration list for PBXNativeTarget "ReactiveStackView" */;
			buildPhases = (
				B0C992F69BBC8F74B079DCE5 /* Check Pods Manifest.lock */,
				3C8E55731C69226600A6526C /* Sources */,
				3C8E55741C69226600A6526C /* Frameworks */,
				3C8E55751C69226600A6526C /* Resources */,
				91FE514DCE84DC381CD4C632 /* Embed Pods Frameworks */,
				C178742CB662772EDC72A657 /* Copy Pods Resources */,
			);
			buildRules = (
			);
			dependencies = (
			);
			name = ReactiveStackView;
			productName = ReactiveStackView;
			productReference = 3C8E55771C69226600A6526C /* ReactiveStackView.app */;
			productType = "com.apple.product-type.application";
		};
/* End PBXNativeTarget section */

/* Begin PBXProject section */
		3C8E556F1C69226600A6526C /* Project object */ = {
			isa = PBXProject;
			attributes = {
				LastSwiftUpdateCheck = 0720;
				LastUpgradeCheck = 0720;
				ORGANIZATIONNAME = IanDundas;
				TargetAttributes = {
					3C8E55761C69226600A6526C = {
						CreatedOnToolsVersion = 7.2.1;
					};
				};
			};
			buildConfigurationList = 3C8E55721C69226600A6526C /* Build configuration list for PBXProject "ReactiveStackView" */;
			compatibilityVersion = "Xcode 3.2";
			developmentRegion = English;
			hasScannedForEncodings = 0;
			knownRegions = (
				en,
				Base,
			);
			mainGroup = 3C8E556E1C69226600A6526C;
			productRefGroup = 3C8E55781C69226600A6526C /* Products */;
			projectDirPath = "";
			projectRoot = "";
			targets = (
				3C8E55761C69226600A6526C /* ReactiveStackView */,
			);
		};
/* End PBXProject section */

/* Begin PBXResourcesBuildPhase section */
		3C8E55751C69226600A6526C /* Resources */ = {
			isa = PBXResourcesBuildPhase;
			buildActionMask = 2147483647;
			files = (
				3C8E55961C6936AF00A6526C /* ReactiveColorStackItem.xib in Resources */,
				3C8E55851C69226600A6526C /* LaunchScreen.storyboard in Resources */,
				3C8E55821C69226600A6526C /* Assets.xcassets in Resources */,
				3C8E55801C69226600A6526C /* Main.storyboard in Resources */,
				3C8E55941C692E3C00A6526C /* ReactiveInputStackItem.xib in Resources */,
			);
			runOnlyForDeploymentPostprocessing = 0;
		};
/* End PBXResourcesBuildPhase section */

/* Begin PBXShellScriptBuildPhase section */
		91FE514DCE84DC381CD4C632 /* Embed Pods Frameworks */ = {
			isa = PBXShellScriptBuildPhase;
			buildActionMask = 2147483647;
			files = (
			);
			inputPaths = (
			);
			name = "Embed Pods Frameworks";
			outputPaths = (
			);
			runOnlyForDeploymentPostprocessing = 0;
			shellPath = /bin/sh;
			shellScript = "\"${SRCROOT}/Pods/Target Support Files/Pods-ReactiveStackView/Pods-ReactiveStackView-frameworks.sh\"\n";
			showEnvVarsInLog = 0;
		};
		B0C992F69BBC8F74B079DCE5 /* Check Pods Manifest.lock */ = {
			isa = PBXShellScriptBuildPhase;
			buildActionMask = 2147483647;
			files = (
			);
			inputPaths = (
			);
			name = "Check Pods Manifest.lock";
			outputPaths = (
			);
			runOnlyForDeploymentPostprocessing = 0;
			shellPath = /bin/sh;
			shellScript = "diff \"${PODS_ROOT}/../Podfile.lock\" \"${PODS_ROOT}/Manifest.lock\" > /dev/null\nif [[ $? != 0 ]] ; then\n    cat << EOM\nerror: The sandbox is not in sync with the Podfile.lock. Run 'pod install' or update your CocoaPods installation.\nEOM\n    exit 1\nfi\n";
			showEnvVarsInLog = 0;
		};
		C178742CB662772EDC72A657 /* Copy Pods Resources */ = {
			isa = PBXShellScriptBuildPhase;
			buildActionMask = 2147483647;
			files = (
			);
			inputPaths = (
			);
			name = "Copy Pods Resources";
			outputPaths = (
			);
			runOnlyForDeploymentPostprocessing = 0;
			shellPath = /bin/sh;
			shellScript = "\"${SRCROOT}/Pods/Target Support Files/Pods-ReactiveStackView/Pods-ReactiveStackView-resources.sh\"\n";
			showEnvVarsInLog = 0;
		};
/* End PBXShellScriptBuildPhase section */

/* Begin PBXSourcesBuildPhase section */
		3C8E55731C69226600A6526C /* Sources */ = {
			isa = PBXSourcesBuildPhase;
			buildActionMask = 2147483647;
			files = (
				3C8E557D1C69226600A6526C /* ViewController.swift in Sources */,
				3C7857081C6B86780007EC92 /* ReactiveKit+extensions.swift in Sources */,
				3C78570B1C6B86970007EC92 /* UIColor+extensions.swift in Sources */,
				3C8E558E1C692BF200A6526C /* ViewModel.swift in Sources */,
				3C8E557B1C69226600A6526C /* AppDelegate.swift in Sources */,
			);
			runOnlyForDeploymentPostprocessing = 0;
		};
/* End PBXSourcesBuildPhase section */

/* Begin PBXVariantGroup section */
		3C8E557E1C69226600A6526C /* Main.storyboard */ = {
			isa = PBXVariantGroup;
			children = (
				3C8E557F1C69226600A6526C /* Base */,
			);
			name = Main.storyboard;
			sourceTree = "<group>";
		};
		3C8E55831C69226600A6526C /* LaunchScreen.storyboard */ = {
			isa = PBXVariantGroup;
			children = (
				3C8E55841C69226600A6526C /* Base */,
			);
			name = LaunchScreen.storyboard;
			sourceTree = "<group>";
		};
/* End PBXVariantGroup section */

/* Begin XCBuildConfiguration section */
		3C8E55871C69226600A6526C /* Debug */ = {
			isa = XCBuildConfiguration;
			buildSettings = {
				ALWAYS_SEARCH_USER_PATHS = NO;
				CLANG_CXX_LANGUAGE_STANDARD = "gnu++0x";
				CLANG_CXX_LIBRARY = "libc++";
				CLANG_ENABLE_MODULES = YES;
				CLANG_ENABLE_OBJC_ARC = YES;
				CLANG_WARN_BOOL_CONVERSION = YES;
				CLANG_WARN_CONSTANT_CONVERSION = YES;
				CLANG_WARN_DIRECT_OBJC_ISA_USAGE = YES_ERROR;
				CLANG_WARN_EMPTY_BODY = YES;
				CLANG_WARN_ENUM_CONVERSION = YES;
				CLANG_WARN_INT_CONVERSION = YES;
				CLANG_WARN_OBJC_ROOT_CLASS = YES_ERROR;
				CLANG_WARN_UNREACHABLE_CODE = YES;
				CLANG_WARN__DUPLICATE_METHOD_MATCH = YES;
				"CODE_SIGN_IDENTITY[sdk=iphoneos*]" = "iPhone Developer";
				COPY_PHASE_STRIP = NO;
				DEBUG_INFORMATION_FORMAT = dwarf;
				ENABLE_STRICT_OBJC_MSGSEND = YES;
				ENABLE_TESTABILITY = YES;
				GCC_C_LANGUAGE_STANDARD = gnu99;
				GCC_DYNAMIC_NO_PIC = NO;
				GCC_NO_COMMON_BLOCKS = YES;
				GCC_OPTIMIZATION_LEVEL = 0;
				GCC_PREPROCESSOR_DEFINITIONS = (
					"DEBUG=1",
					"$(inherited)",
				);
				GCC_WARN_64_TO_32_BIT_CONVERSION = YES;
				GCC_WARN_ABOUT_RETURN_TYPE = YES_ERROR;
				GCC_WARN_UNDECLARED_SELECTOR = YES;
				GCC_WARN_UNINITIALIZED_AUTOS = YES_AGGRESSIVE;
				GCC_WARN_UNUSED_FUNCTION = YES;
				GCC_WARN_UNUSED_VARIABLE = YES;
				IPHONEOS_DEPLOYMENT_TARGET = 9.2;
				MTL_ENABLE_DEBUG_INFO = YES;
				ONLY_ACTIVE_ARCH = YES;
				SDKROOT = iphoneos;
				SWIFT_OPTIMIZATION_LEVEL = "-Onone";
			};
			name = Debug;
		};
		3C8E55881C69226600A6526C /* Release */ = {
			isa = XCBuildConfiguration;
			buildSettings = {
				ALWAYS_SEARCH_USER_PATHS = NO;
				CLANG_CXX_LANGUAGE_STANDARD = "gnu++0x";
				CLANG_CXX_LIBRARY = "libc++";
				CLANG_ENABLE_MODULES = YES;
				CLANG_ENABLE_OBJC_ARC = YES;
				CLANG_WARN_BOOL_CONVERSION = YES;
				CLANG_WARN_CONSTANT_CONVERSION = YES;
				CLANG_WARN_DIRECT_OBJC_ISA_USAGE = YES_ERROR;
				CLANG_WARN_EMPTY_BODY = YES;
				CLANG_WARN_ENUM_CONVERSION = YES;
				CLANG_WARN_INT_CONVERSION = YES;
				CLANG_WARN_OBJC_ROOT_CLASS = YES_ERROR;
				CLANG_WARN_UNREACHABLE_CODE = YES;
				CLANG_WARN__DUPLICATE_METHOD_MATCH = YES;
				"CODE_SIGN_IDENTITY[sdk=iphoneos*]" = "iPhone Developer";
				COPY_PHASE_STRIP = NO;
				DEBUG_INFORMATION_FORMAT = "dwarf-with-dsym";
				ENABLE_NS_ASSERTIONS = NO;
				ENABLE_STRICT_OBJC_MSGSEND = YES;
				GCC_C_LANGUAGE_STANDARD = gnu99;
				GCC_NO_COMMON_BLOCKS = YES;
				GCC_WARN_64_TO_32_BIT_CONVERSION = YES;
				GCC_WARN_ABOUT_RETURN_TYPE = YES_ERROR;
				GCC_WARN_UNDECLARED_SELECTOR = YES;
				GCC_WARN_UNINITIALIZED_AUTOS = YES_AGGRESSIVE;
				GCC_WARN_UNUSED_FUNCTION = YES;
				GCC_WARN_UNUSED_VARIABLE = YES;
				IPHONEOS_DEPLOYMENT_TARGET = 9.2;
				MTL_ENABLE_DEBUG_INFO = NO;
				SDKROOT = iphoneos;
				VALIDATE_PRODUCT = YES;
			};
			name = Release;
		};
		3C8E558A1C69226600A6526C /* Debug */ = {
			isa = XCBuildConfiguration;
			baseConfigurationReference = B17F36490436DD09B8B80F62 /* Pods-ReactiveStackView.debug.xcconfig */;
			buildSettings = {
				ASSETCATALOG_COMPILER_APPICON_NAME = AppIcon;
				INFOPLIST_FILE = ReactiveStackView/Info.plist;
				LD_RUNPATH_SEARCH_PATHS = "$(inherited) @executable_path/Frameworks";
				PRODUCT_BUNDLE_IDENTIFIER = uk.co.iandundas.ReactiveStackView;
				PRODUCT_NAME = "$(TARGET_NAME)";
			};
			name = Debug;
		};
		3C8E558B1C69226600A6526C /* Release */ = {
			isa = XCBuildConfiguration;
			baseConfigurationReference = 2DC1CB78B9053A3232CD81AC /* Pods-ReactiveStackView.release.xcconfig */;
			buildSettings = {
				ASSETCATALOG_COMPILER_APPICON_NAME = AppIcon;
				INFOPLIST_FILE = ReactiveStackView/Info.plist;
				LD_RUNPATH_SEARCH_PATHS = "$(inherited) @executable_path/Frameworks";
				PRODUCT_BUNDLE_IDENTIFIER = uk.co.iandundas.ReactiveStackView;
				PRODUCT_NAME = "$(TARGET_NAME)";
			};
			name = Release;
		};
/* End XCBuildConfiguration section */

/* Begin XCConfigurationList section */
		3C8E55721C69226600A6526C /* Build configuration list for PBXProject "ReactiveStackView" */ = {
			isa = XCConfigurationList;
			buildConfigurations = (
				3C8E55871C69226600A6526C /* Debug */,
				3C8E55881C69226600A6526C /* Release */,
			);
			defaultConfigurationIsVisible = 0;
			defaultConfigurationName = Release;
		};
		3C8E55891C69226600A6526C /* Build configuration list for PBXNativeTarget "ReactiveStackView" */ = {
			isa = XCConfigurationList;
			buildConfigurations = (
				3C8E558A1C69226600A6526C /* Debug */,
				3C8E558B1C69226600A6526C /* Release */,
			);
			defaultConfigurationIsVisible = 0;
			defaultConfigurationName = Release;
		};
/* End XCConfigurationList section */
	};
	rootObject = 3C8E556F1C69226600A6526C /* Project object */;
}
